<Solution>
  <Folder Name="/keycloak/">
    <File Path="keycloak/realm-export.json" />
  </Folder>
  <Folder Name="/src/">
    <Project Path="src/ApiGateway/ApiGateway.csproj" />
    <Project Path="src/BuildingBlocks/BuildingBlocks.csproj" />
  </Folder>
  <Folder Name="/src/Services/">
    <Project Path="src/Services/CartService/CartService.csproj" />
    <Project Path="src/Services/NotificationService/NotificationService.csproj" />
    <Project Path="src/Services/OrderService/OrderService.csproj" />
    <Project Path="src/Services/PaymentService/PaymentService.csproj" />
    <Project Path="src/Services/ProductService/ProductService.csproj" />
    <Project Path="src/Services/UserService/UserService.csproj" />
  </Folder>
  <Folder Name="/src/Shared/" />
  <Folder Name="/src/Shared/Scripts/">
    <File Path="src/Shared/Scripts/wait-for" />
  </Folder>
  <Project Path="docker-compose.dcproj">
    <Build />
  </Project>
</Solution>
